
Microsoft Visual Studio Solution File, Format Version 12.00
# Visual Studio Version 17
VisualStudioVersion = 17.0.31903.59
MinimumVisualStudioVersion = 10.0.40219.1
Project("{2150E333-8FDC-42A3-9474-1A3956D46DE8}") = "src", "src", "{32021F74-EF3F-45ED-AB40-34F41AC3D9C8}"
EndProject
Project("{FAE04EC0-301F-11D3-BF4B-00C04F79EFBC}") = "Papermail.Core", "src\Papermail.Core\Papermail.Core.csproj", "{691E4EC2-0958-4E14-B107-680EE8DE53A2}"
EndProject
Project("{FAE04EC0-301F-11D3-BF4B-00C04F79EFBC}") = "Papermail.Data", "src\Papermail.Data\Papermail.Data.csproj", "{A0A844F0-34BA-4DE5-B364-ABE93BCF723A}"
EndProject
Project("{FAE04EC0-301F-11D3-BF4B-00C04F79EFBC}") = "Papermail.Web", "src\Papermail.Web\Papermail.Web.csproj", "{9129522D-B77D-435C-95EF-5696302F3A25}"
EndProject
Project("{2150E333-8FDC-42A3-9474-1A3956D46DE8}") = "test", "test", "{E9458B87-9B66-4727-B1ED-74BDCCA4181F}"
EndProject
Project("{FAE04EC0-301F-11D3-BF4B-00C04F79EFBC}") = "Papermail.Core.Tests", "test\Papermail.Core.Tests\Papermail.Core.Tests.csproj", "{390018FC-70C7-4A32-B46F-BD5D340F2E91}"
EndProject
Project("{FAE04EC0-301F-11D3-BF4B-00C04F79EFBC}") = "Papermail.Data.Tests", "test\Papermail.Data.Tests\Papermail.Data.Tests.csproj", "{CA34BB71-F31B-4F26-8AB4-AABCDAA7E451}"
EndProject
Project("{FAE04EC0-301F-11D3-BF4B-00C04F79EFBC}") = "Papermail.Web.Tests", "test\Papermail.Web.Tests\Papermail.Web.Tests.csproj", "{ECC03427-EFA6-4BB5-9D2B-300FA91BBF87}"
EndProject
Project("{FAE04EC0-301F-11D3-BF4B-00C04F79EFBC}") = "Papermail.Integration.Tests", "test\Papermail.Integration.Tests\Papermail.Integration.Tests.csproj", "{1BE52ED1-2298-4412-A350-B6497A0A731F}"
EndProject
Project("{FAE04EC0-301F-11D3-BF4B-00C04F79EFBC}") = "Papermail.UI.Tests", "test\Papermail.UI.Tests\Papermail.UI.Tests.csproj", "{3D5B7BE7-4C6C-4305-B613-3F28A26274A4}"
EndProject
Global
	GlobalSection(SolutionConfigurationPlatforms) = preSolution
		Debug|Any CPU = Debug|Any CPU
		Release|Any CPU = Release|Any CPU
	EndGlobalSection
	GlobalSection(SolutionProperties) = preSolution
		HideSolutionNode = FALSE
	EndGlobalSection
	GlobalSection(ProjectConfigurationPlatforms) = postSolution
		{691E4EC2-0958-4E14-B107-680EE8DE53A2}.Debug|Any CPU.ActiveCfg = Debug|Any CPU
		{691E4EC2-0958-4E14-B107-680EE8DE53A2}.Debug|Any CPU.Build.0 = Debug|Any CPU
		{691E4EC2-0958-4E14-B107-680EE8DE53A2}.Release|Any CPU.ActiveCfg = Release|Any CPU
		{691E4EC2-0958-4E14-B107-680EE8DE53A2}.Release|Any CPU.Build.0 = Release|Any CPU
		{A0A844F0-34BA-4DE5-B364-ABE93BCF723A}.Debug|Any CPU.ActiveCfg = Debug|Any CPU
		{A0A844F0-34BA-4DE5-B364-ABE93BCF723A}.Debug|Any CPU.Build.0 = Debug|Any CPU
		{A0A844F0-34BA-4DE5-B364-ABE93BCF723A}.Release|Any CPU.ActiveCfg = Release|Any CPU
		{A0A844F0-34BA-4DE5-B364-ABE93BCF723A}.Release|Any CPU.Build.0 = Release|Any CPU
		{9129522D-B77D-435C-95EF-5696302F3A25}.Debug|Any CPU.ActiveCfg = Debug|Any CPU
		{9129522D-B77D-435C-95EF-5696302F3A25}.Debug|Any CPU.Build.0 = Debug|Any CPU
		{9129522D-B77D-435C-95EF-5696302F3A25}.Release|Any CPU.ActiveCfg = Release|Any CPU
		{9129522D-B77D-435C-95EF-5696302F3A25}.Release|Any CPU.Build.0 = Release|Any CPU
		{390018FC-70C7-4A32-B46F-BD5D340F2E91}.Debug|Any CPU.ActiveCfg = Debug|Any CPU
		{390018FC-70C7-4A32-B46F-BD5D340F2E91}.Debug|Any CPU.Build.0 = Debug|Any CPU
		{390018FC-70C7-4A32-B46F-BD5D340F2E91}.Release|Any CPU.ActiveCfg = Release|Any CPU
		{390018FC-70C7-4A32-B46F-BD5D340F2E91}.Release|Any CPU.Build.0 = Release|Any CPU
		{CA34BB71-F31B-4F26-8AB4-AABCDAA7E451}.Debug|Any CPU.ActiveCfg = Debug|Any CPU
		{CA34BB71-F31B-4F26-8AB4-AABCDAA7E451}.Debug|Any CPU.Build.0 = Debug|Any CPU
		{CA34BB71-F31B-4F26-8AB4-AABCDAA7E451}.Release|Any CPU.ActiveCfg = Release|Any CPU
		{CA34BB71-F31B-4F26-8AB4-AABCDAA7E451}.Release|Any CPU.Build.0 = Release|Any CPU
		{ECC03427-EFA6-4BB5-9D2B-300FA91BBF87}.Debug|Any CPU.ActiveCfg = Debug|Any CPU
		{ECC03427-EFA6-4BB5-9D2B-300FA91BBF87}.Debug|Any CPU.Build.0 = Debug|Any CPU
		{ECC03427-EFA6-4BB5-9D2B-300FA91BBF87}.Release|Any CPU.ActiveCfg = Release|Any CPU
		{ECC03427-EFA6-4BB5-9D2B-300FA91BBF87}.Release|Any CPU.Build.0 = Release|Any CPU
		{1BE52ED1-2298-4412-A350-B6497A0A731F}.Debug|Any CPU.ActiveCfg = Debug|Any CPU
		{1BE52ED1-2298-4412-A350-B6497A0A731F}.Debug|Any CPU.Build.0 = Debug|Any CPU
		{1BE52ED1-2298-4412-A350-B6497A0A731F}.Release|Any CPU.ActiveCfg = Release|Any CPU
		{1BE52ED1-2298-4412-A350-B6497A0A731F}.Release|Any CPU.Build.0 = Release|Any CPU
		{3D5B7BE7-4C6C-4305-B613-3F28A26274A4}.Debug|Any CPU.ActiveCfg = Debug|Any CPU
		{3D5B7BE7-4C6C-4305-B613-3F28A26274A4}.Debug|Any CPU.Build.0 = Debug|Any CPU
		{3D5B7BE7-4C6C-4305-B613-3F28A26274A4}.Release|Any CPU.ActiveCfg = Release|Any CPU
		{3D5B7BE7-4C6C-4305-B613-3F28A26274A4}.Release|Any CPU.Build.0 = Release|Any CPU
	EndGlobalSection
	GlobalSection(NestedProjects) = preSolution
		{691E4EC2-0958-4E14-B107-680EE8DE53A2} = {32021F74-EF3F-45ED-AB40-34F41AC3D9C8}
		{A0A844F0-34BA-4DE5-B364-ABE93BCF723A} = {32021F74-EF3F-45ED-AB40-34F41AC3D9C8}
		{9129522D-B77D-435C-95EF-5696302F3A25} = {32021F74-EF3F-45ED-AB40-34F41AC3D9C8}
		{390018FC-70C7-4A32-B46F-BD5D340F2E91} = {E9458B87-9B66-4727-B1ED-74BDCCA4181F}
		{CA34BB71-F31B-4F26-8AB4-AABCDAA7E451} = {E9458B87-9B66-4727-B1ED-74BDCCA4181F}
		{ECC03427-EFA6-4BB5-9D2B-300FA91BBF87} = {E9458B87-9B66-4727-B1ED-74BDCCA4181F}
		{1BE52ED1-2298-4412-A350-B6497A0A731F} = {E9458B87-9B66-4727-B1ED-74BDCCA4181F}
		{3D5B7BE7-4C6C-4305-B613-3F28A26274A4} = {E9458B87-9B66-4727-B1ED-74BDCCA4181F}
	EndGlobalSection
EndGlobal
